
Microsoft Visual Studio Solution File, Format Version 12.00
# Visual Studio Version 17
VisualStudioVersion = 17.14.36109.1 d17.14
MinimumVisualStudioVersion = 10.0.40219.1
Project("{FAE04EC0-301F-11D3-BF4B-00C04F79EFBC}") = "FinalProject", "FinalProject\FinalProject.csproj", "{63DD9718-F43F-46E2-A318-FEE3CAC22B46}"
EndProject
Global
	GlobalSection(SolutionConfigurationPlatforms) = preSolution
		Debug|Any CPU = Debug|Any CPU
		Release|Any CPU = Release|Any CPU
	EndGlobalSection
	GlobalSection(ProjectConfigurationPlatforms) = postSolution
		{63DD9718-F43F-46E2-A318-FEE3CAC22B46}.Debug|Any CPU.ActiveCfg = Debug|Any CPU
		{63DD9718-F43F-46E2-A318-FEE3CAC22B46}.Debug|Any CPU.Build.0 = Debug|Any CPU
		{63DD9718-F43F-46E2-A318-FEE3CAC22B46}.Release|Any CPU.ActiveCfg = Release|Any CPU
		{63DD9718-F43F-46E2-A318-FEE3CAC22B46}.Release|Any CPU.Build.0 = Release|Any CPU
	EndGlobalSection
	GlobalSection(SolutionProperties) = preSolution
		HideSolutionNode = FALSE
	EndGlobalSection
	GlobalSection(ExtensibilityGlobals) = postSolution
		SolutionGuid = {730CB1BD-BAC6-4DFB-A96B-912B7ACA38E7}
	EndGlobalSection
EndGlobal
